name: Update package-lock.json

on:
  workflow_dispatch:

jobs:
  update-lock:
    runs-on: ubuntu-latest
    permissions:
      contents: write

    steps:
      - name: Checkout code
        uses: actions/checkout@v4

      - name: Setup Node.js
        uses: actions/setup-node@v4
        with:
          node-version: '20'

      - name: Remove old lock file
        run: rm package-lock.json

      - name: Install dependencies
        run: npm install

      - name: Commit and push changes
        run: |
          git config --local user.email "action@github.com"
          git config --local user.name "GitHub Action"
          git add package-lock.json
          git commit -m "chore: regenerate package-lock.json with pinned versions"
          git push
